
Microsoft Visual Studio Solution File, Format Version 12.00
# Visual Studio 14
VisualStudioVersion = 14.0.25123.0
MinimumVisualStudioVersion = 10.0.40219.1
Project("{FAE04EC0-301F-11D3-BF4B-00C04F79EFBC}") = "SimpleCalculation", "SimpleCalculation\SimpleCalculation.csproj", "{4601502D-C976-4B53-BB63-8D95B93B6E8D}"
EndProject
Project("{FAE04EC0-301F-11D3-BF4B-00C04F79EFBC}") = "Calculator", "Calculator\Calculator.csproj", "{4DD931BE-CCF1-4C0C-85C7-601A1E07EF2F}"
EndProject
Project("{FAE04EC0-301F-11D3-BF4B-00C04F79EFBC}") = "CalculationTests", "CalculationTests\CalculationTests.csproj", "{B2C27820-C69A-4B67-BF68-F0283E0A37D1}"
EndProject
Global
	GlobalSection(SolutionConfigurationPlatforms) = preSolution
		Debug|Any CPU = Debug|Any CPU
		Release|Any CPU = Release|Any CPU
	EndGlobalSection
	GlobalSection(ProjectConfigurationPlatforms) = postSolution
		{4601502D-C976-4B53-BB63-8D95B93B6E8D}.Debug|Any CPU.ActiveCfg = Debug|Any CPU
		{4601502D-C976-4B53-BB63-8D95B93B6E8D}.Debug|Any CPU.Build.0 = Debug|Any CPU
		{4601502D-C976-4B53-BB63-8D95B93B6E8D}.Release|Any CPU.ActiveCfg = Release|Any CPU
		{4601502D-C976-4B53-BB63-8D95B93B6E8D}.Release|Any CPU.Build.0 = Release|Any CPU
		{4DD931BE-CCF1-4C0C-85C7-601A1E07EF2F}.Debug|Any CPU.ActiveCfg = Debug|Any CPU
		{4DD931BE-CCF1-4C0C-85C7-601A1E07EF2F}.Debug|Any CPU.Build.0 = Debug|Any CPU
		{4DD931BE-CCF1-4C0C-85C7-601A1E07EF2F}.Release|Any CPU.ActiveCfg = Release|Any CPU
		{4DD931BE-CCF1-4C0C-85C7-601A1E07EF2F}.Release|Any CPU.Build.0 = Release|Any CPU
		{B2C27820-C69A-4B67-BF68-F0283E0A37D1}.Debug|Any CPU.ActiveCfg = Debug|Any CPU
		{B2C27820-C69A-4B67-BF68-F0283E0A37D1}.Debug|Any CPU.Build.0 = Debug|Any CPU
		{B2C27820-C69A-4B67-BF68-F0283E0A37D1}.Release|Any CPU.ActiveCfg = Release|Any CPU
		{B2C27820-C69A-4B67-BF68-F0283E0A37D1}.Release|Any CPU.Build.0 = Release|Any CPU
	EndGlobalSection
	GlobalSection(SolutionProperties) = preSolution
		HideSolutionNode = FALSE
	EndGlobalSection
EndGlobal
